
Microsoft Visual Studio Solution File, Format Version 12.00
# Visual Studio Version 16
VisualStudioVersion = 16.0.32126.315
MinimumVisualStudioVersion = 10.0.40219.1
Project("{FAE04EC0-301F-11D3-BF4B-00C04F79EFBC}") = "OnlineShopping", "OnlineShopping\OnlineShopping.csproj", "{80960A82-31E0-4E35-A59B-E94B9CCF2FEC}"
EndProject
Global
	GlobalSection(SolutionConfigurationPlatforms) = preSolution
		Debug|Any CPU = Debug|Any CPU
		Release|Any CPU = Release|Any CPU
	EndGlobalSection
	GlobalSection(ProjectConfigurationPlatforms) = postSolution
		{80960A82-31E0-4E35-A59B-E94B9CCF2FEC}.Debug|Any CPU.ActiveCfg = Debug|Any CPU
		{80960A82-31E0-4E35-A59B-E94B9CCF2FEC}.Debug|Any CPU.Build.0 = Debug|Any CPU
		{80960A82-31E0-4E35-A59B-E94B9CCF2FEC}.Release|Any CPU.ActiveCfg = Release|Any CPU
		{80960A82-31E0-4E35-A59B-E94B9CCF2FEC}.Release|Any CPU.Build.0 = Release|Any CPU
	EndGlobalSection
	GlobalSection(SolutionProperties) = preSolution
		HideSolutionNode = FALSE
	EndGlobalSection
	GlobalSection(ExtensibilityGlobals) = postSolution
		SolutionGuid = {C0783073-3B81-4499-9DF0-6D342255D18D}
	EndGlobalSection
EndGlobal
