
Microsoft Visual Studio Solution File, Format Version 12.00
# Visual Studio Version 16
VisualStudioVersion = 16.0.32126.315
MinimumVisualStudioVersion = 10.0.40219.1
Project("{FAE04EC0-301F-11D3-BF4B-00C04F79EFBC}") = "ConsoleApp1", "ConsoleApp1\ConsoleApp1.csproj", "{1031B279-28A0-4457-98A7-95D8289C18DB}"
EndProject
Global
	GlobalSection(SolutionConfigurationPlatforms) = preSolution
		Debug|Any CPU = Debug|Any CPU
		Release|Any CPU = Release|Any CPU
	EndGlobalSection
	GlobalSection(ProjectConfigurationPlatforms) = postSolution
		{1031B279-28A0-4457-98A7-95D8289C18DB}.Debug|Any CPU.ActiveCfg = Debug|Any CPU
		{1031B279-28A0-4457-98A7-95D8289C18DB}.Debug|Any CPU.Build.0 = Debug|Any CPU
		{1031B279-28A0-4457-98A7-95D8289C18DB}.Release|Any CPU.ActiveCfg = Release|Any CPU
		{1031B279-28A0-4457-98A7-95D8289C18DB}.Release|Any CPU.Build.0 = Release|Any CPU
	EndGlobalSection
	GlobalSection(SolutionProperties) = preSolution
		HideSolutionNode = FALSE
	EndGlobalSection
	GlobalSection(ExtensibilityGlobals) = postSolution
		SolutionGuid = {8ED37856-1891-4502-AC57-CC3851A2CDE5}
	EndGlobalSection
EndGlobal
